// !$*UTF8*$!
{
	archiveVersion = 1;
	classes = {
	};
	objectVersion = 46;
	objects = {

/* Begin PBXBuildFile section */
		028DD133187DCE36008B59CA /* Foundation.framework in Frameworks */ = {isa = PBXBuildFile; fileRef = 028DD132187DCE36008B59CA /* Foundation.framework */; };
		028DD135187DCE36008B59CA /* CoreGraphics.framework in Frameworks */ = {isa = PBXBuildFile; fileRef = 028DD134187DCE36008B59CA /* CoreGraphics.framework */; };
		028DD137187DCE36008B59CA /* UIKit.framework in Frameworks */ = {isa = PBXBuildFile; fileRef = 028DD136187DCE36008B59CA /* UIKit.framework */; };
		028DD13D187DCE36008B59CA /* InfoPlist.strings in Resources */ = {isa = PBXBuildFile; fileRef = 028DD13B187DCE36008B59CA /* InfoPlist.strings */; };
		028DD13F187DCE36008B59CA /* main.m in Sources */ = {isa = PBXBuildFile; fileRef = 028DD13E187DCE36008B59CA /* main.m */; };
		028DD143187DCE36008B59CA /* CardGameAppDelegate.m in Sources */ = {isa = PBXBuildFile; fileRef = 028DD142187DCE36008B59CA /* CardGameAppDelegate.m */; };
		028DD146187DCE36008B59CA /* Main.storyboard in Resources */ = {isa = PBXBuildFile; fileRef = 028DD144187DCE36008B59CA /* Main.storyboard */; };
		028DD149187DCE36008B59CA /* CardGameViewController.m in Sources */ = {isa = PBXBuildFile; fileRef = 028DD148187DCE36008B59CA /* CardGameViewController.m */; };
		028DD14B187DCE36008B59CA /* Images.xcassets in Resources */ = {isa = PBXBuildFile; fileRef = 028DD14A187DCE36008B59CA /* Images.xcassets */; };
		028DD152187DCE36008B59CA /* XCTest.framework in Frameworks */ = {isa = PBXBuildFile; fileRef = 028DD151187DCE36008B59CA /* XCTest.framework */; };
		028DD153187DCE36008B59CA /* Foundation.framework in Frameworks */ = {isa = PBXBuildFile; fileRef = 028DD132187DCE36008B59CA /* Foundation.framework */; };
		028DD154187DCE36008B59CA /* UIKit.framework in Frameworks */ = {isa = PBXBuildFile; fileRef = 028DD136187DCE36008B59CA /* UIKit.framework */; };
		028DD15C187DCE36008B59CA /* InfoPlist.strings in Resources */ = {isa = PBXBuildFile; fileRef = 028DD15A187DCE36008B59CA /* InfoPlist.strings */; };
		028DD15E187DCE36008B59CA /* CS193P_MatchismoTests.m in Sources */ = {isa = PBXBuildFile; fileRef = 028DD15D187DCE36008B59CA /* CS193P_MatchismoTests.m */; };
		028DD16A187DD5B4008B59CA /* Card.m in Sources */ = {isa = PBXBuildFile; fileRef = 028DD169187DD5B4008B59CA /* Card.m */; };
		028DD16D187DD7C7008B59CA /* Deck.m in Sources */ = {isa = PBXBuildFile; fileRef = 028DD16C187DD7C7008B59CA /* Deck.m */; };
/* End PBXBuildFile section */

/* Begin PBXContainerItemProxy section */
		028DD155187DCE36008B59CA /* PBXContainerItemProxy */ = {
			isa = PBXContainerItemProxy;
			containerPortal = 028DD127187DCE36008B59CA /* Project object */;
			proxyType = 1;
			remoteGlobalIDString = 028DD12E187DCE36008B59CA;
			remoteInfo = "CS193P-Matchismo";
		};
/* End PBXContainerItemProxy section */

/* Begin PBXFileReference section */
		028DD12F187DCE36008B59CA /* CS193P-Matchismo.app */ = {isa = PBXFileReference; explicitFileType = wrapper.application; includeInIndex = 0; path = "CS193P-Matchismo.app"; sourceTree = BUILT_PRODUCTS_DIR; };
		028DD132187DCE36008B59CA /* Foundation.framework */ = {isa = PBXFileReference; lastKnownFileType = wrapper.framework; name = Foundation.framework; path = System/Library/Frameworks/Foundation.framework; sourceTree = SDKROOT; };
		028DD134187DCE36008B59CA /* CoreGraphics.framework */ = {isa = PBXFileReference; lastKnownFileType = wrapper.framework; name = CoreGraphics.framework; path = System/Library/Frameworks/CoreGraphics.framework; sourceTree = SDKROOT; };
		028DD136187DCE36008B59CA /* UIKit.framework */ = {isa = PBXFileReference; lastKnownFileType = wrapper.framework; name = UIKit.framework; path = System/Library/Frameworks/UIKit.framework; sourceTree = SDKROOT; };
		028DD13A187DCE36008B59CA /* CS193P-Matchismo-Info.plist */ = {isa = PBXFileReference; lastKnownFileType = text.plist.xml; path = "CS193P-Matchismo-Info.plist"; sourceTree = "<group>"; };
		028DD13C187DCE36008B59CA /* en */ = {isa = PBXFileReference; lastKnownFileType = text.plist.strings; name = en; path = en.lproj/InfoPlist.strings; sourceTree = "<group>"; };
		028DD13E187DCE36008B59CA /* main.m */ = {isa = PBXFileReference; lastKnownFileType = sourcecode.c.objc; path = main.m; sourceTree = "<group>"; };
		028DD140187DCE36008B59CA /* CS193P-Matchismo-Prefix.pch */ = {isa = PBXFileReference; lastKnownFileType = sourcecode.c.h; path = "CS193P-Matchismo-Prefix.pch"; sourceTree = "<group>"; };
		028DD141187DCE36008B59CA /* CardGameAppDelegate.h */ = {isa = PBXFileReference; lastKnownFileType = sourcecode.c.h; path = CardGameAppDelegate.h; sourceTree = "<group>"; };
		028DD142187DCE36008B59CA /* CardGameAppDelegate.m */ = {isa = PBXFileReference; lastKnownFileType = sourcecode.c.objc; path = CardGameAppDelegate.m; sourceTree = "<group>"; };
		028DD145187DCE36008B59CA /* Base */ = {isa = PBXFileReference; lastKnownFileType = file.storyboard; name = Base; path = Base.lproj/Main.storyboard; sourceTree = "<group>"; };
		028DD147187DCE36008B59CA /* CardGameViewController.h */ = {isa = PBXFileReference; lastKnownFileType = sourcecode.c.h; path = CardGameViewController.h; sourceTree = "<group>"; };
		028DD148187DCE36008B59CA /* CardGameViewController.m */ = {isa = PBXFileReference; lastKnownFileType = sourcecode.c.objc; path = CardGameViewController.m; sourceTree = "<group>"; };
		028DD14A187DCE36008B59CA /* Images.xcassets */ = {isa = PBXFileReference; lastKnownFileType = folder.assetcatalog; path = Images.xcassets; sourceTree = "<group>"; };
		028DD150187DCE36008B59CA /* CS193P-MatchismoTests.xctest */ = {isa = PBXFileReference; explicitFileType = wrapper.cfbundle; includeInIndex = 0; path = "CS193P-MatchismoTests.xctest"; sourceTree = BUILT_PRODUCTS_DIR; };
		028DD151187DCE36008B59CA /* XCTest.framework */ = {isa = PBXFileReference; lastKnownFileType = wrapper.framework; name = XCTest.framework; path = Library/Frameworks/XCTest.framework; sourceTree = DEVELOPER_DIR; };
		028DD159187DCE36008B59CA /* CS193P-MatchismoTests-Info.plist */ = {isa = PBXFileReference; lastKnownFileType = text.plist.xml; path = "CS193P-MatchismoTests-Info.plist"; sourceTree = "<group>"; };
		028DD15B187DCE36008B59CA /* en */ = {isa = PBXFileReference; lastKnownFileType = text.plist.strings; name = en; path = en.lproj/InfoPlist.strings; sourceTree = "<group>"; };
		028DD15D187DCE36008B59CA /* CS193P_MatchismoTests.m */ = {isa = PBXFileReference; lastKnownFileType = sourcecode.c.objc; path = CS193P_MatchismoTests.m; sourceTree = "<group>"; };
		028DD168187DD5B4008B59CA /* Card.h */ = {isa = PBXFileReference; fileEncoding = 4; lastKnownFileType = sourcecode.c.h; path = Card.h; sourceTree = "<group>"; };
		028DD169187DD5B4008B59CA /* Card.m */ = {isa = PBXFileReference; fileEncoding = 4; lastKnownFileType = sourcecode.c.objc; path = Card.m; sourceTree = "<group>"; };
		028DD16B187DD7C7008B59CA /* Deck.h */ = {isa = PBXFileReference; fileEncoding = 4; lastKnownFileType = sourcecode.c.h; path = Deck.h; sourceTree = "<group>"; };
		028DD16C187DD7C7008B59CA /* Deck.m */ = {isa = PBXFileReference; fileEncoding = 4; lastKnownFileType = sourcecode.c.objc; path = Deck.m; sourceTree = "<group>"; };
/* End PBXFileReference section */

/* Begin PBXFrameworksBuildPhase section */
		028DD12C187DCE36008B59CA /* Frameworks */ = {
			isa = PBXFrameworksBuildPhase;
			buildActionMask = 2147483647;
			files = (
				028DD135187DCE36008B59CA /* CoreGraphics.framework in Frameworks */,
				028DD137187DCE36008B59CA /* UIKit.framework in Frameworks */,
				028DD133187DCE36008B59CA /* Foundation.framework in Frameworks */,
			);
			runOnlyForDeploymentPostprocessing = 0;
		};
		028DD14D187DCE36008B59CA /* Frameworks */ = {
			isa = PBXFrameworksBuildPhase;
			buildActionMask = 2147483647;
			files = (
				028DD152187DCE36008B59CA /* XCTest.framework in Frameworks */,
				028DD154187DCE36008B59CA /* UIKit.framework in Frameworks */,
				028DD153187DCE36008B59CA /* Foundation.framework in Frameworks */,
			);
			runOnlyForDeploymentPostprocessing = 0;
		};
/* End PBXFrameworksBuildPhase section */

/* Begin PBXGroup section */
		028DD126187DCE36008B59CA = {
			isa = PBXGroup;
			children = (
				028DD138187DCE36008B59CA /* CS193P-Matchismo */,
				028DD157187DCE36008B59CA /* CS193P-MatchismoTests */,
				028DD131187DCE36008B59CA /* Frameworks */,
				028DD130187DCE36008B59CA /* Products */,
			);
			sourceTree = "<group>";
		};
		028DD130187DCE36008B59CA /* Products */ = {
			isa = PBXGroup;
			children = (
				028DD12F187DCE36008B59CA /* CS193P-Matchismo.app */,
				028DD150187DCE36008B59CA /* CS193P-MatchismoTests.xctest */,
			);
			name = Products;
			sourceTree = "<group>";
		};
		028DD131187DCE36008B59CA /* Frameworks */ = {
			isa = PBXGroup;
			children = (
				028DD132187DCE36008B59CA /* Foundation.framework */,
				028DD134187DCE36008B59CA /* CoreGraphics.framework */,
				028DD136187DCE36008B59CA /* UIKit.framework */,
				028DD151187DCE36008B59CA /* XCTest.framework */,
			);
			name = Frameworks;
			sourceTree = "<group>";
		};
		028DD138187DCE36008B59CA /* CS193P-Matchismo */ = {
			isa = PBXGroup;
			children = (
				028DD144187DCE36008B59CA /* Main.storyboard */,
				028DD147187DCE36008B59CA /* CardGameViewController.h */,
				028DD148187DCE36008B59CA /* CardGameViewController.m */,
				028DD167187DD59B008B59CA /* Models */,
				028DD14A187DCE36008B59CA /* Images.xcassets */,
				028DD139187DCE36008B59CA /* Supporting Files */,
			);
			path = "CS193P-Matchismo";
			sourceTree = "<group>";
		};
		028DD139187DCE36008B59CA /* Supporting Files */ = {
			isa = PBXGroup;
			children = (
				028DD141187DCE36008B59CA /* CardGameAppDelegate.h */,
				028DD142187DCE36008B59CA /* CardGameAppDelegate.m */,
				028DD13A187DCE36008B59CA /* CS193P-Matchismo-Info.plist */,
				028DD13B187DCE36008B59CA /* InfoPlist.strings */,
				028DD13E187DCE36008B59CA /* main.m */,
				028DD140187DCE36008B59CA /* CS193P-Matchismo-Prefix.pch */,
			);
			name = "Supporting Files";
			sourceTree = "<group>";
		};
		028DD157187DCE36008B59CA /* CS193P-MatchismoTests */ = {
			isa = PBXGroup;
			children = (
				028DD15D187DCE36008B59CA /* CS193P_MatchismoTests.m */,
				028DD158187DCE36008B59CA /* Supporting Files */,
			);
			path = "CS193P-MatchismoTests";
			sourceTree = "<group>";
		};
		028DD158187DCE36008B59CA /* Supporting Files */ = {
			isa = PBXGroup;
			children = (
				028DD159187DCE36008B59CA /* CS193P-MatchismoTests-Info.plist */,
				028DD15A187DCE36008B59CA /* InfoPlist.strings */,
			);
			name = "Supporting Files";
			sourceTree = "<group>";
		};
		028DD167187DD59B008B59CA /* Models */ = {
			isa = PBXGroup;
			children = (
				028DD168187DD5B4008B59CA /* Card.h */,
				028DD169187DD5B4008B59CA /* Card.m */,
				028DD16B187DD7C7008B59CA /* Deck.h */,
				028DD16C187DD7C7008B59CA /* Deck.m */,
			);
			name = Models;
			sourceTree = "<group>";
		};
/* End PBXGroup section */

/* Begin PBXNativeTarget section */
		028DD12E187DCE36008B59CA /* CS193P-Matchismo */ = {
			isa = PBXNativeTarget;
			buildConfigurationList = 028DD161187DCE36008B59CA /* Build configuration list for PBXNativeTarget "CS193P-Matchismo" */;
			buildPhases = (
				028DD12B187DCE36008B59CA /* Sources */,
				028DD12C187DCE36008B59CA /* Frameworks */,
				028DD12D187DCE36008B59CA /* Resources */,
			);
			buildRules = (
			);
			dependencies = (
			);
			name = "CS193P-Matchismo";
			productName = "CS193P-Matchismo";
			productReference = 028DD12F187DCE36008B59CA /* CS193P-Matchismo.app */;
			productType = "com.apple.product-type.application";
		};
		028DD14F187DCE36008B59CA /* CS193P-MatchismoTests */ = {
			isa = PBXNativeTarget;
			buildConfigurationList = 028DD164187DCE36008B59CA /* Build configuration list for PBXNativeTarget "CS193P-MatchismoTests" */;
			buildPhases = (
				028DD14C187DCE36008B59CA /* Sources */,
				028DD14D187DCE36008B59CA /* Frameworks */,
				028DD14E187DCE36008B59CA /* Resources */,
			);
			buildRules = (
			);
			dependencies = (
				028DD156187DCE36008B59CA /* PBXTargetDependency */,
			);
			name = "CS193P-MatchismoTests";
			productName = "CS193P-MatchismoTests";
			productReference = 028DD150187DCE36008B59CA /* CS193P-MatchismoTests.xctest */;
			productType = "com.apple.product-type.bundle.unit-test";
		};
/* End PBXNativeTarget section */

/* Begin PBXProject section */
		028DD127187DCE36008B59CA /* Project object */ = {
			isa = PBXProject;
			attributes = {
				CLASSPREFIX = CardGame;
				LastUpgradeCheck = 0500;
				ORGANIZATIONNAME = nu;
				TargetAttributes = {
					028DD14F187DCE36008B59CA = {
						TestTargetID = 028DD12E187DCE36008B59CA;
					};
				};
			};
			buildConfigurationList = 028DD12A187DCE36008B59CA /* Build configuration list for PBXProject "CS193P-Matchismo" */;
			compatibilityVersion = "Xcode 3.2";
			developmentRegion = English;
			hasScannedForEncodings = 0;
			knownRegions = (
				en,
				Base,
			);
			mainGroup = 028DD126187DCE36008B59CA;
			productRefGroup = 028DD130187DCE36008B59CA /* Products */;
			projectDirPath = "";
			projectRoot = "";
			targets = (
				028DD12E187DCE36008B59CA /* CS193P-Matchismo */,
				028DD14F187DCE36008B59CA /* CS193P-MatchismoTests */,
			);
		};
/* End PBXProject section */

/* Begin PBXResourcesBuildPhase section */
		028DD12D187DCE36008B59CA /* Resources */ = {
			isa = PBXResourcesBuildPhase;
			buildActionMask = 2147483647;
			files = (
				028DD14B187DCE36008B59CA /* Images.xcassets in Resources */,
				028DD13D187DCE36008B59CA /* InfoPlist.strings in Resources */,
				028DD146187DCE36008B59CA /* Main.storyboard in Resources */,
			);
			runOnlyForDeploymentPostprocessing = 0;
		};
		028DD14E187DCE36008B59CA /* Resources */ = {
			isa = PBXResourcesBuildPhase;
			buildActionMask = 2147483647;
			files = (
				028DD15C187DCE36008B59CA /* InfoPlist.strings in Resources */,
			);
			runOnlyForDeploymentPostprocessing = 0;
		};
/* End PBXResourcesBuildPhase section */

/* Begin PBXSourcesBuildPhase section */
		028DD12B187DCE36008B59CA /* Sources */ = {
			isa = PBXSourcesBuildPhase;
			buildActionMask = 2147483647;
			files = (
				028DD16D187DD7C7008B59CA /* Deck.m in Sources */,
				028DD143187DCE36008B59CA /* CardGameAppDelegate.m in Sources */,
				028DD149187DCE36008B59CA /* CardGameViewController.m in Sources */,
				028DD13F187DCE36008B59CA /* main.m in Sources */,
				028DD16A187DD5B4008B59CA /* Card.m in Sources */,
			);
			runOnlyForDeploymentPostprocessing = 0;
		};
		028DD14C187DCE36008B59CA /* Sources */ = {
			isa = PBXSourcesBuildPhase;
			buildActionMask = 2147483647;
			files = (
				028DD15E187DCE36008B59CA /* CS193P_MatchismoTests.m in Sources */,
			);
			runOnlyForDeploymentPostprocessing = 0;
		};
/* End PBXSourcesBuildPhase section */

/* Begin PBXTargetDependency section */
		028DD156187DCE36008B59CA /* PBXTargetDependency */ = {
			isa = PBXTargetDependency;
			target = 028DD12E187DCE36008B59CA /* CS193P-Matchismo */;
			targetProxy = 028DD155187DCE36008B59CA /* PBXContainerItemProxy */;
		};
/* End PBXTargetDependency section */

/* Begin PBXVariantGroup section */
		028DD13B187DCE36008B59CA /* InfoPlist.strings */ = {
			isa = PBXVariantGroup;
			children = (
				028DD13C187DCE36008B59CA /* en */,
			);
			name = InfoPlist.strings;
			sourceTree = "<group>";
		};
		028DD144187DCE36008B59CA /* Main.storyboard */ = {
			isa = PBXVariantGroup;
			children = (
				028DD145187DCE36008B59CA /* Base */,
			);
			name = Main.storyboard;
			sourceTree = "<group>";
		};
		028DD15A187DCE36008B59CA /* InfoPlist.strings */ = {
			isa = PBXVariantGroup;
			children = (
				028DD15B187DCE36008B59CA /* en */,
			);
			name = InfoPlist.strings;
			sourceTree = "<group>";
		};
/* End PBXVariantGroup section */

/* Begin XCBuildConfiguration section */
		028DD15F187DCE36008B59CA /* Debug */ = {
			isa = XCBuildConfiguration;
			buildSettings = {
				ALWAYS_SEARCH_USER_PATHS = NO;
				ARCHS = "$(ARCHS_STANDARD_INCLUDING_64_BIT)";
				CLANG_CXX_LANGUAGE_STANDARD = "gnu++0x";
				CLANG_CXX_LIBRARY = "libc++";
				CLANG_ENABLE_MODULES = YES;
				CLANG_ENABLE_OBJC_ARC = YES;
				CLANG_WARN_BOOL_CONVERSION = YES;
				CLANG_WARN_CONSTANT_CONVERSION = YES;
				CLANG_WARN_DIRECT_OBJC_ISA_USAGE = YES_ERROR;
				CLANG_WARN_EMPTY_BODY = YES;
				CLANG_WARN_ENUM_CONVERSION = YES;
				CLANG_WARN_INT_CONVERSION = YES;
				CLANG_WARN_OBJC_ROOT_CLASS = YES_ERROR;
				CLANG_WARN__DUPLICATE_METHOD_MATCH = YES;
				"CODE_SIGN_IDENTITY[sdk=iphoneos*]" = "iPhone Developer";
				COPY_PHASE_STRIP = NO;
				GCC_C_LANGUAGE_STANDARD = gnu99;
				GCC_DYNAMIC_NO_PIC = NO;
				GCC_OPTIMIZATION_LEVEL = 0;
				GCC_PREPROCESSOR_DEFINITIONS = (
					"DEBUG=1",
					"$(inherited)",
				);
				GCC_SYMBOLS_PRIVATE_EXTERN = NO;
				GCC_WARN_64_TO_32_BIT_CONVERSION = YES;
				GCC_WARN_ABOUT_RETURN_TYPE = YES_ERROR;
				GCC_WARN_UNDECLARED_SELECTOR = YES;
				GCC_WARN_UNINITIALIZED_AUTOS = YES;
				GCC_WARN_UNUSED_FUNCTION = YES;
				GCC_WARN_UNUSED_VARIABLE = YES;
				IPHONEOS_DEPLOYMENT_TARGET = 7.0;
				ONLY_ACTIVE_ARCH = YES;
				SDKROOT = iphoneos;
			};
			name = Debug;
		};
		028DD160187DCE36008B59CA /* Release */ = {
			isa = XCBuildConfiguration;
			buildSettings = {
				ALWAYS_SEARCH_USER_PATHS = NO;
				ARCHS = "$(ARCHS_STANDARD_INCLUDING_64_BIT)";
				CLANG_CXX_LANGUAGE_STANDARD = "gnu++0x";
				CLANG_CXX_LIBRARY = "libc++";
				CLANG_ENABLE_MODULES = YES;
				CLANG_ENABLE_OBJC_ARC = YES;
				CLANG_WARN_BOOL_CONVERSION = YES;
				CLANG_WARN_CONSTANT_CONVERSION = YES;
				CLANG_WARN_DIRECT_OBJC_ISA_USAGE = YES_ERROR;
				CLANG_WARN_EMPTY_BODY = YES;
				CLANG_WARN_ENUM_CONVERSION = YES;
				CLANG_WARN_INT_CONVERSION = YES;
				CLANG_WARN_OBJC_ROOT_CLASS = YES_ERROR;
				CLANG_WARN__DUPLICATE_METHOD_MATCH = YES;
				"CODE_SIGN_IDENTITY[sdk=iphoneos*]" = "iPhone Developer";
				COPY_PHASE_STRIP = YES;
				ENABLE_NS_ASSERTIONS = NO;
				GCC_C_LANGUAGE_STANDARD = gnu99;
				GCC_WARN_64_TO_32_BIT_CONVERSION = YES;
				GCC_WARN_ABOUT_RETURN_TYPE = YES_ERROR;
				GCC_WARN_UNDECLARED_SELECTOR = YES;
				GCC_WARN_UNINITIALIZED_AUTOS = YES;
				GCC_WARN_UNUSED_FUNCTION = YES;
				GCC_WARN_UNUSED_VARIABLE = YES;
				IPHONEOS_DEPLOYMENT_TARGET = 7.0;
				SDKROOT = iphoneos;
				VALIDATE_PRODUCT = YES;
			};
			name = Release;
		};
		028DD162187DCE36008B59CA /* Debug */ = {
			isa = XCBuildConfiguration;
			buildSettings = {
				ASSETCATALOG_COMPILER_APPICON_NAME = AppIcon;
				ASSETCATALOG_COMPILER_LAUNCHIMAGE_NAME = LaunchImage;
				GCC_PRECOMPILE_PREFIX_HEADER = YES;
				GCC_PREFIX_HEADER = "CS193P-Matchismo/CS193P-Matchismo-Prefix.pch";
				INFOPLIST_FILE = "CS193P-Matchismo/CS193P-Matchismo-Info.plist";
				PRODUCT_NAME = "$(TARGET_NAME)";
				WRAPPER_EXTENSION = app;
			};
			name = Debug;
		};
		028DD163187DCE36008B59CA /* Release */ = {
			isa = XCBuildConfiguration;
			buildSettings = {
				ASSETCATALOG_COMPILER_APPICON_NAME = AppIcon;
				ASSETCATALOG_COMPILER_LAUNCHIMAGE_NAME = LaunchImage;
				GCC_PRECOMPILE_PREFIX_HEADER = YES;
				GCC_PREFIX_HEADER = "CS193P-Matchismo/CS193P-Matchismo-Prefix.pch";
				INFOPLIST_FILE = "CS193P-Matchismo/CS193P-Matchismo-Info.plist";
				PRODUCT_NAME = "$(TARGET_NAME)";
				WRAPPER_EXTENSION = app;
			};
			name = Release;
		};
		028DD165187DCE36008B59CA /* Debug */ = {
			isa = XCBuildConfiguration;
			buildSettings = {
				ARCHS = "$(ARCHS_STANDARD_INCLUDING_64_BIT)";
				BUNDLE_LOADER = "$(BUILT_PRODUCTS_DIR)/CS193P-Matchismo.app/CS193P-Matchismo";
				FRAMEWORK_SEARCH_PATHS = (
					"$(SDKROOT)/Developer/Library/Frameworks",
					"$(inherited)",
					"$(DEVELOPER_FRAMEWORKS_DIR)",
				);
				GCC_PRECOMPILE_PREFIX_HEADER = YES;
				GCC_PREFIX_HEADER = "CS193P-Matchismo/CS193P-Matchismo-Prefix.pch";
				GCC_PREPROCESSOR_DEFINITIONS = (
					"DEBUG=1",
					"$(inherited)",
				);
				INFOPLIST_FILE = "CS193P-MatchismoTests/CS193P-MatchismoTests-Info.plist";
				PRODUCT_NAME = "$(TARGET_NAME)";
				TEST_HOST = "$(BUNDLE_LOADER)";
				WRAPPER_EXTENSION = xctest;
			};
			name = Debug;
		};
		028DD166187DCE36008B59CA /* Release */ = {
			isa = XCBuildConfiguration;
			buildSettings = {
				ARCHS = "$(ARCHS_STANDARD_INCLUDING_64_BIT)";
				BUNDLE_LOADER = "$(BUILT_PRODUCTS_DIR)/CS193P-Matchismo.app/CS193P-Matchismo";
				FRAMEWORK_SEARCH_PATHS = (
					"$(SDKROOT)/Developer/Library/Frameworks",
					"$(inherited)",
					"$(DEVELOPER_FRAMEWORKS_DIR)",
				);
				GCC_PRECOMPILE_PREFIX_HEADER = YES;
				GCC_PREFIX_HEADER = "CS193P-Matchismo/CS193P-Matchismo-Prefix.pch";
				INFOPLIST_FILE = "CS193P-MatchismoTests/CS193P-MatchismoTests-Info.plist";
				PRODUCT_NAME = "$(TARGET_NAME)";
				TEST_HOST = "$(BUNDLE_LOADER)";
				WRAPPER_EXTENSION = xctest;
			};
			name = Release;
		};
/* End XCBuildConfiguration section */

/* Begin XCConfigurationList section */
		028DD12A187DCE36008B59CA /* Build configuration list for PBXProject "CS193P-Matchismo" */ = {
			isa = XCConfigurationList;
			buildConfigurations = (
				028DD15F187DCE36008B59CA /* Debug */,
				028DD160187DCE36008B59CA /* Release */,
			);
			defaultConfigurationIsVisible = 0;
			defaultConfigurationName = Release;
		};
		028DD161187DCE36008B59CA /* Build configuration list for PBXNativeTarget "CS193P-Matchismo" */ = {
			isa = XCConfigurationList;
			buildConfigurations = (
				028DD162187DCE36008B59CA /* Debug */,
				028DD163187DCE36008B59CA /* Release */,
			);
			defaultConfigurationIsVisible = 0;
		};
		028DD164187DCE36008B59CA /* Build configuration list for PBXNativeTarget "CS193P-MatchismoTests" */ = {
			isa = XCConfigurationList;
			buildConfigurations = (
				028DD165187DCE36008B59CA /* Debug */,
				028DD166187DCE36008B59CA /* Release */,
			);
			defaultConfigurationIsVisible = 0;
		};
/* End XCConfigurationList section */
	};
	rootObject = 028DD127187DCE36008B59CA /* Project object */;
}
